
Microsoft Visual Studio Solution File, Format Version 12.00
Project("{FAE04EC0-301F-11D3-BF4B-00C04F79EFBC}") = "Domain", "Domain\Domain.csproj", "{6134737B-7CBB-4054-9279-1B46E0CA1F2C}"
EndProject
Project("{FAE04EC0-301F-11D3-BF4B-00C04F79EFBC}") = "Persistense.Common.Cassandra", "Persistense.Common.Cassandra\Persistense.Common.Cassandra.csproj", "{BFFAAF99-0510-4C71-AD11-62591BC78B89}"
EndProject
Project("{FAE04EC0-301F-11D3-BF4B-00C04F79EFBC}") = "Persistense.Serching.Elastick", "Persistense.Serching.Elastick\Persistense.Serching.Elastick.csproj", "{F442FCD3-6541-46D3-80B6-55E2DE308F25}"
EndProject
Project("{FAE04EC0-301F-11D3-BF4B-00C04F79EFBC}") = "Application", "Application\Application.csproj", "{693EAEC2-03FF-4203-A487-505B38B586C6}"
EndProject
Project("{FAE04EC0-301F-11D3-BF4B-00C04F79EFBC}") = "API", "API\API.csproj", "{69B28564-0F0F-46F4-B03A-AF745CAA6117}"
EndProject
Global
	GlobalSection(SolutionConfigurationPlatforms) = preSolution
		Debug|Any CPU = Debug|Any CPU
		Release|Any CPU = Release|Any CPU
	EndGlobalSection
	GlobalSection(ProjectConfigurationPlatforms) = postSolution
		{6134737B-7CBB-4054-9279-1B46E0CA1F2C}.Debug|Any CPU.ActiveCfg = Debug|Any CPU
		{6134737B-7CBB-4054-9279-1B46E0CA1F2C}.Debug|Any CPU.Build.0 = Debug|Any CPU
		{6134737B-7CBB-4054-9279-1B46E0CA1F2C}.Release|Any CPU.ActiveCfg = Release|Any CPU
		{6134737B-7CBB-4054-9279-1B46E0CA1F2C}.Release|Any CPU.Build.0 = Release|Any CPU
		{BFFAAF99-0510-4C71-AD11-62591BC78B89}.Debug|Any CPU.ActiveCfg = Debug|Any CPU
		{BFFAAF99-0510-4C71-AD11-62591BC78B89}.Debug|Any CPU.Build.0 = Debug|Any CPU
		{BFFAAF99-0510-4C71-AD11-62591BC78B89}.Release|Any CPU.ActiveCfg = Release|Any CPU
		{BFFAAF99-0510-4C71-AD11-62591BC78B89}.Release|Any CPU.Build.0 = Release|Any CPU
		{F442FCD3-6541-46D3-80B6-55E2DE308F25}.Debug|Any CPU.ActiveCfg = Debug|Any CPU
		{F442FCD3-6541-46D3-80B6-55E2DE308F25}.Debug|Any CPU.Build.0 = Debug|Any CPU
		{F442FCD3-6541-46D3-80B6-55E2DE308F25}.Release|Any CPU.ActiveCfg = Release|Any CPU
		{F442FCD3-6541-46D3-80B6-55E2DE308F25}.Release|Any CPU.Build.0 = Release|Any CPU
		{693EAEC2-03FF-4203-A487-505B38B586C6}.Debug|Any CPU.ActiveCfg = Debug|Any CPU
		{693EAEC2-03FF-4203-A487-505B38B586C6}.Debug|Any CPU.Build.0 = Debug|Any CPU
		{693EAEC2-03FF-4203-A487-505B38B586C6}.Release|Any CPU.ActiveCfg = Release|Any CPU
		{693EAEC2-03FF-4203-A487-505B38B586C6}.Release|Any CPU.Build.0 = Release|Any CPU
		{69B28564-0F0F-46F4-B03A-AF745CAA6117}.Debug|Any CPU.ActiveCfg = Debug|Any CPU
		{69B28564-0F0F-46F4-B03A-AF745CAA6117}.Debug|Any CPU.Build.0 = Debug|Any CPU
		{69B28564-0F0F-46F4-B03A-AF745CAA6117}.Release|Any CPU.ActiveCfg = Release|Any CPU
		{69B28564-0F0F-46F4-B03A-AF745CAA6117}.Release|Any CPU.Build.0 = Release|Any CPU
	EndGlobalSection
EndGlobal
